
Microsoft Visual Studio Solution File, Format Version 12.00
# Visual Studio Version 16
VisualStudioVersion = 16.0.30225.117
MinimumVisualStudioVersion = 10.0.40219.1
Project("{FAE04EC0-301F-11D3-BF4B-00C04F79EFBC}") = "PushlisherAPI", "PushlisherAPI.csproj", "{D9EBD1F8-AAFF-4BEC-B7DC-3F31A0F825EE}"
EndProject
Global
	GlobalSection(SolutionConfigurationPlatforms) = preSolution
		Debug|Any CPU = Debug|Any CPU
		Release|Any CPU = Release|Any CPU
	EndGlobalSection
	GlobalSection(ProjectConfigurationPlatforms) = postSolution
		{D9EBD1F8-AAFF-4BEC-B7DC-3F31A0F825EE}.Debug|Any CPU.ActiveCfg = Debug|Any CPU
		{D9EBD1F8-AAFF-4BEC-B7DC-3F31A0F825EE}.Debug|Any CPU.Build.0 = Debug|Any CPU
		{D9EBD1F8-AAFF-4BEC-B7DC-3F31A0F825EE}.Release|Any CPU.ActiveCfg = Release|Any CPU
		{D9EBD1F8-AAFF-4BEC-B7DC-3F31A0F825EE}.Release|Any CPU.Build.0 = Release|Any CPU
	EndGlobalSection
	GlobalSection(SolutionProperties) = preSolution
		HideSolutionNode = FALSE
	EndGlobalSection
	GlobalSection(ExtensibilityGlobals) = postSolution
		SolutionGuid = {19CE5E91-ECE5-4564-816F-80BB563D87B9}
	EndGlobalSection
EndGlobal
